
Microsoft Visual Studio Solution File, Format Version 12.00
# Visual Studio Version 17
VisualStudioVersion = 17.13.35931.197 d17.13
MinimumVisualStudioVersion = 10.0.40219.1
Project("{FAE04EC0-301F-11D3-BF4B-00C04F79EFBC}") = "hesapMakinesi", "hesapMakinesi\hesapMakinesi.csproj", "{21F098E7-7C4E-49F4-8605-97AFADC84D3E}"
EndProject
Global
	GlobalSection(SolutionConfigurationPlatforms) = preSolution
		Debug|Any CPU = Debug|Any CPU
		Release|Any CPU = Release|Any CPU
	EndGlobalSection
	GlobalSection(ProjectConfigurationPlatforms) = postSolution
		{21F098E7-7C4E-49F4-8605-97AFADC84D3E}.Debug|Any CPU.ActiveCfg = Debug|Any CPU
		{21F098E7-7C4E-49F4-8605-97AFADC84D3E}.Debug|Any CPU.Build.0 = Debug|Any CPU
		{21F098E7-7C4E-49F4-8605-97AFADC84D3E}.Release|Any CPU.ActiveCfg = Release|Any CPU
		{21F098E7-7C4E-49F4-8605-97AFADC84D3E}.Release|Any CPU.Build.0 = Release|Any CPU
	EndGlobalSection
	GlobalSection(SolutionProperties) = preSolution
		HideSolutionNode = FALSE
	EndGlobalSection
	GlobalSection(ExtensibilityGlobals) = postSolution
		SolutionGuid = {4AC52815-8CA5-45D8-8234-8268633840AC}
	EndGlobalSection
EndGlobal
